
Microsoft Visual Studio Solution File, Format Version 12.00
# Visual Studio Version 17
VisualStudioVersion = 17.1.32319.34
MinimumVisualStudioVersion = 10.0.40219.1
Project("{FAE04EC0-301F-11D3-BF4B-00C04F79EFBC}") = "DegiskenTipleri", "DegiskenTipleri\DegiskenTipleri.csproj", "{A92D3DEB-1CBE-4CBD-A895-791E10715BB8}"
EndProject
Global
	GlobalSection(SolutionConfigurationPlatforms) = preSolution
		Debug|Any CPU = Debug|Any CPU
		Release|Any CPU = Release|Any CPU
	EndGlobalSection
	GlobalSection(ProjectConfigurationPlatforms) = postSolution
		{A92D3DEB-1CBE-4CBD-A895-791E10715BB8}.Debug|Any CPU.ActiveCfg = Debug|Any CPU
		{A92D3DEB-1CBE-4CBD-A895-791E10715BB8}.Debug|Any CPU.Build.0 = Debug|Any CPU
		{A92D3DEB-1CBE-4CBD-A895-791E10715BB8}.Release|Any CPU.ActiveCfg = Release|Any CPU
		{A92D3DEB-1CBE-4CBD-A895-791E10715BB8}.Release|Any CPU.Build.0 = Release|Any CPU
	EndGlobalSection
	GlobalSection(SolutionProperties) = preSolution
		HideSolutionNode = FALSE
	EndGlobalSection
	GlobalSection(ExtensibilityGlobals) = postSolution
		SolutionGuid = {0B403B23-0054-4472-9CDF-ACF4067901E9}
	EndGlobalSection
EndGlobal
